{
    "_meta": {
        "hash": {
            "sha256": "06d68756a9531e344ff52a8e27f90bf821c398822bc3b0c186070af8a997c89e"
        },
        "pipfile-spec": 6,
        "requires": {},
        "sources": [
            {
                "name": "pypi",
                "url": "https://pypi.org/simple",
                "verify_ssl": true
            }
        ]
    },
    "default": {
        "boto3": {
            "hashes": [
                "sha256:786930d5f1cd13d03db59ff2abbb2b7ffc173fd66646d5d8bee07f316a5f16ca",
                "sha256:f7851cb320dcb2a53fc73b4075187ec9b05d51291539601fa238623fdc0e8cd3"
            ],
            "index": "pypi",
            "markers": "python_version >= '3.8'",
            "version": "==1.35.92"
        },
        "botocore": {
            "hashes": [
                "sha256:caa7d5d857fed5b3d694b89c45f82b9f938f840e90a4eb7bf50aa65da2ba8f82",
                "sha256:f94ae1e056a675bd67c8af98a6858d06e3927d974d6c712ed6e27bb1d11bee1d"
            ],
            "markers": "python_version >= '3.8'",
            "version": "==1.35.92"
        },
        "click": {
            "hashes": [
                "sha256:63c132bbbed01578a06712a2d1f497bb62d9c1c0d329b7903a866228027263b2",
                "sha256:ed53c9d8990d83c2a27deae68e4ee337473f6330c040a31d4225c9574d16096a"
            ],
            "index": "pypi",
            "markers": "python_version >= '3.7'",
            "version": "==8.1.8"
        },
        "jmespath": {
            "hashes": [
                "sha256:02e2e4cc71b5bcab88332eebf907519190dd9e6e82107fa7f83b1003a6252980",
                "sha256:90261b206d6defd58fdd5e85f478bf633a2901798906be2ad389150c5c60edbe"
            ],
            "markers": "python_version >= '3.7'",
            "version": "==1.0.1"
        },
        "prettytable": {
            "hashes": [
                "sha256:77ca0ad1c435b6e363d7e8623d7cc4fcf2cf15513bf77a1c1b2e814930ac57cc",
                "sha256:f04b3e1ba35747ac86e96ec33e3bb9748ce08e254dc2a1c6253945901beec804"
            ],
            "index": "pypi",
            "markers": "python_version >= '3.9'",
            "version": "==3.12.0"
        },
        "python-dateutil": {
            "hashes": [
                "sha256:37dd54208da7e1cd875388217d5e00ebd4179249f90fb72437e91a35459a0ad3",
                "sha256:a8b2bc7bffae282281c8140a97d3aa9c14da0b136dfe83f850eea9a5f7470427"
            ],
            "markers": "python_version >= '2.7' and python_version not in '3.0, 3.1, 3.2'",
            "version": "==2.9.0.post0"
        },
        "s3transfer": {
            "hashes": [
                "sha256:244a76a24355363a68164241438de1b72f8781664920260c48465896b712a41e",
                "sha256:29edc09801743c21eb5ecbc617a152df41d3c287f67b615f73e5f750583666a7"
            ],
            "markers": "python_version >= '3.8'",
            "version": "==0.10.4"
        },
        "six": {
            "hashes": [
                "sha256:4721f391ed90541fddacab5acf947aa0d3dc7d27b2e1e8eda2be8970586c3274",
                "sha256:ff70335d468e7eb6ec65b95b99d3a2836546063f63acc5171de367e834932a81"
            ],
            "markers": "python_version >= '2.7' and python_version not in '3.0, 3.1, 3.2'",
            "version": "==1.17.0"
        },
        "urllib3": {
            "hashes": [
                "sha256:1cee9ad369867bfdbbb48b7dd50374c0967a0bb7710050facf0dd6911440e3df",
                "sha256:f8c5449b3cf0861679ce7e0503c7b44b5ec981bec0d1d3795a07f1ba96f0204d"
            ],
            "index": "pypi",
            "markers": "python_version >= '3.9'",
            "version": "==2.3.0"
        },
        "wcwidth": {
            "hashes": [
                "sha256:3da69048e4540d84af32131829ff948f1e022c1c6bdb8d6102117aac784f6859",
                "sha256:72ea0c06399eb286d978fdedb6923a9eb47e1c486ce63e9b4e64fc18303972b5"
            ],
            "version": "==0.2.13"
        }
    },
    "develop": {}
}
